
Microsoft Visual Studio Solution File, Format Version 12.00
# Visual Studio Version 16
VisualStudioVersion = 16.0.31205.134
MinimumVisualStudioVersion = 10.0.40219.1
Project("{FAE04EC0-301F-11D3-BF4B-00C04F79EFBC}") = "Sender", "Sender\Sender.csproj", "{B2D03D25-2A57-4E48-AB6D-DDB1B1459AA2}"
EndProject
Project("{FAE04EC0-301F-11D3-BF4B-00C04F79EFBC}") = "Receiver", "Receiver\Receiver.csproj", "{BA84E5EF-0E92-4CE6-93A9-F49D36D0C5D2}"
EndProject
Global
	GlobalSection(SolutionConfigurationPlatforms) = preSolution
		Debug|Any CPU = Debug|Any CPU
		Release|Any CPU = Release|Any CPU
	EndGlobalSection
	GlobalSection(ProjectConfigurationPlatforms) = postSolution
		{B2D03D25-2A57-4E48-AB6D-DDB1B1459AA2}.Debug|Any CPU.ActiveCfg = Debug|Any CPU
		{B2D03D25-2A57-4E48-AB6D-DDB1B1459AA2}.Debug|Any CPU.Build.0 = Debug|Any CPU
		{B2D03D25-2A57-4E48-AB6D-DDB1B1459AA2}.Release|Any CPU.ActiveCfg = Release|Any CPU
		{B2D03D25-2A57-4E48-AB6D-DDB1B1459AA2}.Release|Any CPU.Build.0 = Release|Any CPU
		{BA84E5EF-0E92-4CE6-93A9-F49D36D0C5D2}.Debug|Any CPU.ActiveCfg = Debug|Any CPU
		{BA84E5EF-0E92-4CE6-93A9-F49D36D0C5D2}.Debug|Any CPU.Build.0 = Debug|Any CPU
		{BA84E5EF-0E92-4CE6-93A9-F49D36D0C5D2}.Release|Any CPU.ActiveCfg = Release|Any CPU
		{BA84E5EF-0E92-4CE6-93A9-F49D36D0C5D2}.Release|Any CPU.Build.0 = Release|Any CPU
	EndGlobalSection
	GlobalSection(SolutionProperties) = preSolution
		HideSolutionNode = FALSE
	EndGlobalSection
	GlobalSection(ExtensibilityGlobals) = postSolution
		SolutionGuid = {230FFE93-CFA6-4562-AB51-F6C34359F517}
	EndGlobalSection
EndGlobal
